
Microsoft Visual Studio Solution File, Format Version 12.00
# Visual Studio Version 16
VisualStudioVersion = 16.0.30907.101
MinimumVisualStudioVersion = 10.0.40219.1
Project("{9A19103F-16F7-4668-BE54-9A1E7A4F7556}") = "ProofOfConcept", "ProofOfConcept\ProofOfConcept.csproj", "{13146680-7789-4EB8-B42D-7BD7B4486170}"
EndProject
Project("{9A19103F-16F7-4668-BE54-9A1E7A4F7556}") = "ImageServiceCore", "ImageServiceCore\ImageServiceCore.csproj", "{4916089A-546E-47B0-B108-E0C51185BB85}"
EndProject
Project("{9A19103F-16F7-4668-BE54-9A1E7A4F7556}") = "ImageServiceCore.Specs", "ImageServiceCore.Specs\ImageServiceCore.Specs.csproj", "{96AF8535-F3E8-49A3-A0A3-27151FE093D0}"
EndProject
Project("{2150E333-8FDC-42A3-9474-1A3956D46DE8}") = "Tests", "Tests", "{03FF2346-A760-4983-93AE-B6BD3E6AA481}"
EndProject
Global
	GlobalSection(SolutionConfigurationPlatforms) = preSolution
		Debug|Any CPU = Debug|Any CPU
		Release|Any CPU = Release|Any CPU
	EndGlobalSection
	GlobalSection(ProjectConfigurationPlatforms) = postSolution
		{13146680-7789-4EB8-B42D-7BD7B4486170}.Debug|Any CPU.ActiveCfg = Debug|Any CPU
		{13146680-7789-4EB8-B42D-7BD7B4486170}.Debug|Any CPU.Build.0 = Debug|Any CPU
		{13146680-7789-4EB8-B42D-7BD7B4486170}.Release|Any CPU.ActiveCfg = Release|Any CPU
		{13146680-7789-4EB8-B42D-7BD7B4486170}.Release|Any CPU.Build.0 = Release|Any CPU
		{4916089A-546E-47B0-B108-E0C51185BB85}.Debug|Any CPU.ActiveCfg = Debug|Any CPU
		{4916089A-546E-47B0-B108-E0C51185BB85}.Debug|Any CPU.Build.0 = Debug|Any CPU
		{4916089A-546E-47B0-B108-E0C51185BB85}.Release|Any CPU.ActiveCfg = Release|Any CPU
		{4916089A-546E-47B0-B108-E0C51185BB85}.Release|Any CPU.Build.0 = Release|Any CPU
		{96AF8535-F3E8-49A3-A0A3-27151FE093D0}.Debug|Any CPU.ActiveCfg = Debug|Any CPU
		{96AF8535-F3E8-49A3-A0A3-27151FE093D0}.Debug|Any CPU.Build.0 = Debug|Any CPU
		{96AF8535-F3E8-49A3-A0A3-27151FE093D0}.Release|Any CPU.ActiveCfg = Release|Any CPU
		{96AF8535-F3E8-49A3-A0A3-27151FE093D0}.Release|Any CPU.Build.0 = Release|Any CPU
	EndGlobalSection
	GlobalSection(SolutionProperties) = preSolution
		HideSolutionNode = FALSE
	EndGlobalSection
	GlobalSection(NestedProjects) = preSolution
		{96AF8535-F3E8-49A3-A0A3-27151FE093D0} = {03FF2346-A760-4983-93AE-B6BD3E6AA481}
	EndGlobalSection
	GlobalSection(ExtensibilityGlobals) = postSolution
		SolutionGuid = {8AFC4167-EA7B-472F-A6E0-78AEF2355CC7}
	EndGlobalSection
EndGlobal
