
Microsoft Visual Studio Solution File, Format Version 12.00
# Visual Studio Version 16
VisualStudioVersion = 16.0.30907.101
MinimumVisualStudioVersion = 10.0.40219.1
Project("{9A19103F-16F7-4668-BE54-9A1E7A4F7556}") = "ProofOfConcept", "ProofOfConcept\ProofOfConcept.csproj", "{13146680-7789-4EB8-B42D-7BD7B4486170}"
EndProject
Project("{9A19103F-16F7-4668-BE54-9A1E7A4F7556}") = "ImageServiceCore", "ImageServiceCore\ImageServiceCore.csproj", "{4916089A-546E-47B0-B108-E0C51185BB85}"
EndProject
Project("{9A19103F-16F7-4668-BE54-9A1E7A4F7556}") = "ImageServiceCore.Specs", "ImageServiceCore.Specs\ImageServiceCore.Specs.csproj", "{96AF8535-F3E8-49A3-A0A3-27151FE093D0}"
EndProject
Project("{FAE04EC0-301F-11D3-BF4B-00C04F79EFBC}") = "WebApplication1", "WebApplication1\WebApplication1.csproj", "{DD630927-F50D-4539-9DC6-B4D79BD83C8A}"
EndProject
Global
	GlobalSection(SolutionConfigurationPlatforms) = preSolution
		Debug|Any CPU = Debug|Any CPU
		Release|Any CPU = Release|Any CPU
	EndGlobalSection
	GlobalSection(ProjectConfigurationPlatforms) = postSolution
		{13146680-7789-4EB8-B42D-7BD7B4486170}.Debug|Any CPU.ActiveCfg = Debug|Any CPU
		{13146680-7789-4EB8-B42D-7BD7B4486170}.Debug|Any CPU.Build.0 = Debug|Any CPU
		{13146680-7789-4EB8-B42D-7BD7B4486170}.Release|Any CPU.ActiveCfg = Release|Any CPU
		{13146680-7789-4EB8-B42D-7BD7B4486170}.Release|Any CPU.Build.0 = Release|Any CPU
		{4916089A-546E-47B0-B108-E0C51185BB85}.Debug|Any CPU.ActiveCfg = Debug|Any CPU
		{4916089A-546E-47B0-B108-E0C51185BB85}.Debug|Any CPU.Build.0 = Debug|Any CPU
		{4916089A-546E-47B0-B108-E0C51185BB85}.Release|Any CPU.ActiveCfg = Release|Any CPU
		{4916089A-546E-47B0-B108-E0C51185BB85}.Release|Any CPU.Build.0 = Release|Any CPU
		{96AF8535-F3E8-49A3-A0A3-27151FE093D0}.Debug|Any CPU.ActiveCfg = Debug|Any CPU
		{96AF8535-F3E8-49A3-A0A3-27151FE093D0}.Debug|Any CPU.Build.0 = Debug|Any CPU
		{96AF8535-F3E8-49A3-A0A3-27151FE093D0}.Release|Any CPU.ActiveCfg = Release|Any CPU
		{96AF8535-F3E8-49A3-A0A3-27151FE093D0}.Release|Any CPU.Build.0 = Release|Any CPU
		{DD630927-F50D-4539-9DC6-B4D79BD83C8A}.Debug|Any CPU.ActiveCfg = Debug|Any CPU
		{DD630927-F50D-4539-9DC6-B4D79BD83C8A}.Debug|Any CPU.Build.0 = Debug|Any CPU
		{DD630927-F50D-4539-9DC6-B4D79BD83C8A}.Release|Any CPU.ActiveCfg = Release|Any CPU
		{DD630927-F50D-4539-9DC6-B4D79BD83C8A}.Release|Any CPU.Build.0 = Release|Any CPU
	EndGlobalSection
	GlobalSection(SolutionProperties) = preSolution
		HideSolutionNode = FALSE
	EndGlobalSection
	GlobalSection(ExtensibilityGlobals) = postSolution
		SolutionGuid = {8AFC4167-EA7B-472F-A6E0-78AEF2355CC7}
	EndGlobalSection
EndGlobal
